
Microsoft Visual Studio Solution File, Format Version 12.00
# Visual Studio Version 17
VisualStudioVersion = 17.9.34728.123
MinimumVisualStudioVersion = 10.0.40219.1
Project("{FAE04EC0-301F-11D3-BF4B-00C04F79EFBC}") = "Pry_CRUD", "Pry_CRUD.csproj", "{B5E836A5-ED24-400E-82DD-88F0465D007D}"
EndProject
Global
	GlobalSection(SolutionConfigurationPlatforms) = preSolution
		Debug|Any CPU = Debug|Any CPU
		Release|Any CPU = Release|Any CPU
	EndGlobalSection
	GlobalSection(ProjectConfigurationPlatforms) = postSolution
		{B5E836A5-ED24-400E-82DD-88F0465D007D}.Debug|Any CPU.ActiveCfg = Debug|Any CPU
		{B5E836A5-ED24-400E-82DD-88F0465D007D}.Debug|Any CPU.Build.0 = Debug|Any CPU
		{B5E836A5-ED24-400E-82DD-88F0465D007D}.Release|Any CPU.ActiveCfg = Release|Any CPU
		{B5E836A5-ED24-400E-82DD-88F0465D007D}.Release|Any CPU.Build.0 = Release|Any CPU
	EndGlobalSection
	GlobalSection(SolutionProperties) = preSolution
		HideSolutionNode = FALSE
	EndGlobalSection
	GlobalSection(ExtensibilityGlobals) = postSolution
		SolutionGuid = {DAD46C11-E5E7-4FE4-9DDB-4CF49CB4E5CE}
	EndGlobalSection
EndGlobal
